// !$*UTF8*$!
{
	archiveVersion = 1;
	classes = {
	};
	objectVersion = 56;
	objects = {

/* Begin PBXBuildFile section */
		08101152294B7507001AFA5E /* AlertError.swift in Sources */ = {isa = PBXBuildFile; fileRef = 08101151294B7507001AFA5E /* AlertError.swift */; };
		08101154294B751D001AFA5E /* AlertManager.swift in Sources */ = {isa = PBXBuildFile; fileRef = 08101153294B751D001AFA5E /* AlertManager.swift */; };
		08101156294B753C001AFA5E /* UIApplication+Extension.swift in Sources */ = {isa = PBXBuildFile; fileRef = 08101155294B753C001AFA5E /* UIApplication+Extension.swift */; };
		08101158294B7E8C001AFA5E /* GameClient.swift in Sources */ = {isa = PBXBuildFile; fileRef = 08101157294B7E8C001AFA5E /* GameClient.swift */; };
		0810115B294B7F68001AFA5E /* Alamofire in Frameworks */ = {isa = PBXBuildFile; productRef = 0810115A294B7F68001AFA5E /* Alamofire */; };
		0810115E294B9318001AFA5E /* Constants.swift in Sources */ = {isa = PBXBuildFile; fileRef = 0810115D294B9318001AFA5E /* Constants.swift */; };
		08101166294B99CF001AFA5E /* GameModel.swift in Sources */ = {isa = PBXBuildFile; fileRef = 08101165294B99CF001AFA5E /* GameModel.swift */; };
		0810116B294B9C3F001AFA5E /* Kingfisher in Frameworks */ = {isa = PBXBuildFile; productRef = 0810116A294B9C3F001AFA5E /* Kingfisher */; };
		081FAD75294DAACA00FF02A6 /* GamesViewModel.swift in Sources */ = {isa = PBXBuildFile; fileRef = 081FAD74294DAACA00FF02A6 /* GamesViewModel.swift */; };
		081FAD7B294DADD300FF02A6 /* GameDetailModel.swift in Sources */ = {isa = PBXBuildFile; fileRef = 081FAD7A294DADD300FF02A6 /* GameDetailModel.swift */; };
		0843FC84294506FB00A4A57A /* AppDelegate.swift in Sources */ = {isa = PBXBuildFile; fileRef = 0843FC83294506FB00A4A57A /* AppDelegate.swift */; };
		0843FC86294506FB00A4A57A /* SceneDelegate.swift in Sources */ = {isa = PBXBuildFile; fileRef = 0843FC85294506FB00A4A57A /* SceneDelegate.swift */; };
		0843FC88294506FB00A4A57A /* GamesViewController.swift in Sources */ = {isa = PBXBuildFile; fileRef = 0843FC87294506FB00A4A57A /* GamesViewController.swift */; };
		0843FC8B294506FB00A4A57A /* Main.storyboard in Resources */ = {isa = PBXBuildFile; fileRef = 0843FC89294506FB00A4A57A /* Main.storyboard */; };
		0843FC8E294506FB00A4A57A /* GameRatingApp.xcdatamodeld in Sources */ = {isa = PBXBuildFile; fileRef = 0843FC8C294506FB00A4A57A /* GameRatingApp.xcdatamodeld */; };
		0843FC90294506FC00A4A57A /* Assets.xcassets in Resources */ = {isa = PBXBuildFile; fileRef = 0843FC8F294506FC00A4A57A /* Assets.xcassets */; };
		0843FC93294506FC00A4A57A /* LaunchScreen.storyboard in Resources */ = {isa = PBXBuildFile; fileRef = 0843FC91294506FC00A4A57A /* LaunchScreen.storyboard */; };
		0843FC9E294506FC00A4A57A /* GameRatingAppTests.swift in Sources */ = {isa = PBXBuildFile; fileRef = 0843FC9D294506FC00A4A57A /* GameRatingAppTests.swift */; };
		0843FCA8294506FC00A4A57A /* GameRatingAppUITests.swift in Sources */ = {isa = PBXBuildFile; fileRef = 0843FCA7294506FC00A4A57A /* GameRatingAppUITests.swift */; };
		0843FCAA294506FC00A4A57A /* GameRatingAppUITestsLaunchTests.swift in Sources */ = {isa = PBXBuildFile; fileRef = 0843FCA9294506FC00A4A57A /* GameRatingAppUITestsLaunchTests.swift */; };
		08622D23294BD1050018CECE /* GameCollectionViewCell.swift in Sources */ = {isa = PBXBuildFile; fileRef = 08622D21294BD1050018CECE /* GameCollectionViewCell.swift */; };
		08622D24294BD1050018CECE /* GameCollectionViewCell.xib in Resources */ = {isa = PBXBuildFile; fileRef = 08622D22294BD1050018CECE /* GameCollectionViewCell.xib */; };
		08DE3205294F99DB00A3663E /* NotesCollectionViewCell.swift in Sources */ = {isa = PBXBuildFile; fileRef = 08DE3203294F99DB00A3663E /* NotesCollectionViewCell.swift */; };
		08DE3206294F99DB00A3663E /* NotesCollectionViewCell.xib in Resources */ = {isa = PBXBuildFile; fileRef = 08DE3204294F99DB00A3663E /* NotesCollectionViewCell.xib */; };
		08DE320B294FB18900A3663E /* AddNoteViewController.swift in Sources */ = {isa = PBXBuildFile; fileRef = 08DE320A294FB18900A3663E /* AddNoteViewController.swift */; };
		08F883B8294E2CC90064C7A7 /* GameDetailViewController.swift in Sources */ = {isa = PBXBuildFile; fileRef = 08F883B7294E2CC90064C7A7 /* GameDetailViewController.swift */; };
		08F883BA294E30980064C7A7 /* GameDetailViewModel.swift in Sources */ = {isa = PBXBuildFile; fileRef = 08F883B9294E30980064C7A7 /* GameDetailViewModel.swift */; };
		08F883BE294F45E10064C7A7 /* CoreDataManager.swift in Sources */ = {isa = PBXBuildFile; fileRef = 08F883BD294F45E10064C7A7 /* CoreDataManager.swift */; };
		08F883C8294F495D0064C7A7 /* GameDetailCollectionViewCell.swift in Sources */ = {isa = PBXBuildFile; fileRef = 08F883C6294F495D0064C7A7 /* GameDetailCollectionViewCell.swift */; };
		08F883C9294F495D0064C7A7 /* GameDetailCollectionViewCell.xib in Resources */ = {isa = PBXBuildFile; fileRef = 08F883C7294F495D0064C7A7 /* GameDetailCollectionViewCell.xib */; };
		08F883CB294F4C830064C7A7 /* FavoritesViewController.swift in Sources */ = {isa = PBXBuildFile; fileRef = 08F883CA294F4C830064C7A7 /* FavoritesViewController.swift */; };
		08F883CE294F4C960064C7A7 /* FavoritesViewModel.swift in Sources */ = {isa = PBXBuildFile; fileRef = 08F883CD294F4C960064C7A7 /* FavoritesViewModel.swift */; };
		08F883D2294F86FD0064C7A7 /* NotesViewController.swift in Sources */ = {isa = PBXBuildFile; fileRef = 08F883D1294F86FD0064C7A7 /* NotesViewController.swift */; };
		08F883D4294F87090064C7A7 /* NotesViewModel.swift in Sources */ = {isa = PBXBuildFile; fileRef = 08F883D3294F87090064C7A7 /* NotesViewModel.swift */; };
/* End PBXBuildFile section */

/* Begin PBXContainerItemProxy section */
		0843FC9A294506FC00A4A57A /* PBXContainerItemProxy */ = {
			isa = PBXContainerItemProxy;
			containerPortal = 0843FC78294506FB00A4A57A /* Project object */;
			proxyType = 1;
			remoteGlobalIDString = 0843FC7F294506FB00A4A57A;
			remoteInfo = GameRatingApp;
		};
		0843FCA4294506FC00A4A57A /* PBXContainerItemProxy */ = {
			isa = PBXContainerItemProxy;
			containerPortal = 0843FC78294506FB00A4A57A /* Project object */;
			proxyType = 1;
			remoteGlobalIDString = 0843FC7F294506FB00A4A57A;
			remoteInfo = GameRatingApp;
		};
/* End PBXContainerItemProxy section */

/* Begin PBXFileReference section */
		08101151294B7507001AFA5E /* AlertError.swift */ = {isa = PBXFileReference; lastKnownFileType = sourcecode.swift; path = AlertError.swift; sourceTree = "<group>"; };
		08101153294B751D001AFA5E /* AlertManager.swift */ = {isa = PBXFileReference; lastKnownFileType = sourcecode.swift; path = AlertManager.swift; sourceTree = "<group>"; };
		08101155294B753C001AFA5E /* UIApplication+Extension.swift */ = {isa = PBXFileReference; lastKnownFileType = sourcecode.swift; path = "UIApplication+Extension.swift"; sourceTree = "<group>"; };
		08101157294B7E8C001AFA5E /* GameClient.swift */ = {isa = PBXFileReference; lastKnownFileType = sourcecode.swift; path = GameClient.swift; sourceTree = "<group>"; };
		0810115D294B9318001AFA5E /* Constants.swift */ = {isa = PBXFileReference; lastKnownFileType = sourcecode.swift; path = Constants.swift; sourceTree = "<group>"; };
		08101165294B99CF001AFA5E /* GameModel.swift */ = {isa = PBXFileReference; lastKnownFileType = sourcecode.swift; path = GameModel.swift; sourceTree = "<group>"; };
		081FAD74294DAACA00FF02A6 /* GamesViewModel.swift */ = {isa = PBXFileReference; lastKnownFileType = sourcecode.swift; path = GamesViewModel.swift; sourceTree = "<group>"; };
		081FAD7A294DADD300FF02A6 /* GameDetailModel.swift */ = {isa = PBXFileReference; lastKnownFileType = sourcecode.swift; path = GameDetailModel.swift; sourceTree = "<group>"; };
		0843FC80294506FB00A4A57A /* GameRatingApp.app */ = {isa = PBXFileReference; explicitFileType = wrapper.application; includeInIndex = 0; path = GameRatingApp.app; sourceTree = BUILT_PRODUCTS_DIR; };
		0843FC83294506FB00A4A57A /* AppDelegate.swift */ = {isa = PBXFileReference; lastKnownFileType = sourcecode.swift; path = AppDelegate.swift; sourceTree = "<group>"; };
		0843FC85294506FB00A4A57A /* SceneDelegate.swift */ = {isa = PBXFileReference; lastKnownFileType = sourcecode.swift; path = SceneDelegate.swift; sourceTree = "<group>"; };
		0843FC87294506FB00A4A57A /* GamesViewController.swift */ = {isa = PBXFileReference; lastKnownFileType = sourcecode.swift; path = GamesViewController.swift; sourceTree = "<group>"; };
		0843FC8A294506FB00A4A57A /* Base */ = {isa = PBXFileReference; lastKnownFileType = file.storyboard; name = Base; path = Base.lproj/Main.storyboard; sourceTree = "<group>"; };
		0843FC8D294506FB00A4A57A /* GameRatingApp.xcdatamodel */ = {isa = PBXFileReference; lastKnownFileType = wrapper.xcdatamodel; path = GameRatingApp.xcdatamodel; sourceTree = "<group>"; };
		0843FC8F294506FC00A4A57A /* Assets.xcassets */ = {isa = PBXFileReference; lastKnownFileType = folder.assetcatalog; path = Assets.xcassets; sourceTree = "<group>"; };
		0843FC92294506FC00A4A57A /* Base */ = {isa = PBXFileReference; lastKnownFileType = file.storyboard; name = Base; path = Base.lproj/LaunchScreen.storyboard; sourceTree = "<group>"; };
		0843FC99294506FC00A4A57A /* GameRatingAppTests.xctest */ = {isa = PBXFileReference; explicitFileType = wrapper.cfbundle; includeInIndex = 0; path = GameRatingAppTests.xctest; sourceTree = BUILT_PRODUCTS_DIR; };
		0843FC9D294506FC00A4A57A /* GameRatingAppTests.swift */ = {isa = PBXFileReference; lastKnownFileType = sourcecode.swift; path = GameRatingAppTests.swift; sourceTree = "<group>"; };
		0843FCA3294506FC00A4A57A /* GameRatingAppUITests.xctest */ = {isa = PBXFileReference; explicitFileType = wrapper.cfbundle; includeInIndex = 0; path = GameRatingAppUITests.xctest; sourceTree = BUILT_PRODUCTS_DIR; };
		0843FCA7294506FC00A4A57A /* GameRatingAppUITests.swift */ = {isa = PBXFileReference; lastKnownFileType = sourcecode.swift; path = GameRatingAppUITests.swift; sourceTree = "<group>"; };
		0843FCA9294506FC00A4A57A /* GameRatingAppUITestsLaunchTests.swift */ = {isa = PBXFileReference; lastKnownFileType = sourcecode.swift; path = GameRatingAppUITestsLaunchTests.swift; sourceTree = "<group>"; };
		08622D21294BD1050018CECE /* GameCollectionViewCell.swift */ = {isa = PBXFileReference; lastKnownFileType = sourcecode.swift; path = GameCollectionViewCell.swift; sourceTree = "<group>"; };
		08622D22294BD1050018CECE /* GameCollectionViewCell.xib */ = {isa = PBXFileReference; lastKnownFileType = file.xib; path = GameCollectionViewCell.xib; sourceTree = "<group>"; };
		08B38FD5294D1E7000E81943 /* Info.plist */ = {isa = PBXFileReference; fileEncoding = 4; lastKnownFileType = text.plist.xml; path = Info.plist; sourceTree = "<group>"; };
		08DE3203294F99DB00A3663E /* NotesCollectionViewCell.swift */ = {isa = PBXFileReference; lastKnownFileType = sourcecode.swift; path = NotesCollectionViewCell.swift; sourceTree = "<group>"; };
		08DE3204294F99DB00A3663E /* NotesCollectionViewCell.xib */ = {isa = PBXFileReference; lastKnownFileType = file.xib; path = NotesCollectionViewCell.xib; sourceTree = "<group>"; };
		08DE320A294FB18900A3663E /* AddNoteViewController.swift */ = {isa = PBXFileReference; lastKnownFileType = sourcecode.swift; path = AddNoteViewController.swift; sourceTree = "<group>"; };
		08F883B7294E2CC90064C7A7 /* GameDetailViewController.swift */ = {isa = PBXFileReference; lastKnownFileType = sourcecode.swift; path = GameDetailViewController.swift; sourceTree = "<group>"; };
		08F883B9294E30980064C7A7 /* GameDetailViewModel.swift */ = {isa = PBXFileReference; lastKnownFileType = sourcecode.swift; path = GameDetailViewModel.swift; sourceTree = "<group>"; };
		08F883BD294F45E10064C7A7 /* CoreDataManager.swift */ = {isa = PBXFileReference; lastKnownFileType = sourcecode.swift; path = CoreDataManager.swift; sourceTree = "<group>"; };
		08F883C6294F495D0064C7A7 /* GameDetailCollectionViewCell.swift */ = {isa = PBXFileReference; lastKnownFileType = sourcecode.swift; path = GameDetailCollectionViewCell.swift; sourceTree = "<group>"; };
		08F883C7294F495D0064C7A7 /* GameDetailCollectionViewCell.xib */ = {isa = PBXFileReference; lastKnownFileType = file.xib; path = GameDetailCollectionViewCell.xib; sourceTree = "<group>"; };
		08F883CA294F4C830064C7A7 /* FavoritesViewController.swift */ = {isa = PBXFileReference; lastKnownFileType = sourcecode.swift; path = FavoritesViewController.swift; sourceTree = "<group>"; };
		08F883CD294F4C960064C7A7 /* FavoritesViewModel.swift */ = {isa = PBXFileReference; lastKnownFileType = sourcecode.swift; path = FavoritesViewModel.swift; sourceTree = "<group>"; };
		08F883D1294F86FD0064C7A7 /* NotesViewController.swift */ = {isa = PBXFileReference; lastKnownFileType = sourcecode.swift; path = NotesViewController.swift; sourceTree = "<group>"; };
		08F883D3294F87090064C7A7 /* NotesViewModel.swift */ = {isa = PBXFileReference; lastKnownFileType = sourcecode.swift; path = NotesViewModel.swift; sourceTree = "<group>"; };
/* End PBXFileReference section */

/* Begin PBXFrameworksBuildPhase section */
		0843FC7D294506FB00A4A57A /* Frameworks */ = {
			isa = PBXFrameworksBuildPhase;
			buildActionMask = 2147483647;
			files = (
				0810116B294B9C3F001AFA5E /* Kingfisher in Frameworks */,
				0810115B294B7F68001AFA5E /* Alamofire in Frameworks */,
			);
			runOnlyForDeploymentPostprocessing = 0;
		};
		0843FC96294506FC00A4A57A /* Frameworks */ = {
			isa = PBXFrameworksBuildPhase;
			buildActionMask = 2147483647;
			files = (
			);
			runOnlyForDeploymentPostprocessing = 0;
		};
		0843FCA0294506FC00A4A57A /* Frameworks */ = {
			isa = PBXFrameworksBuildPhase;
			buildActionMask = 2147483647;
			files = (
			);
			runOnlyForDeploymentPostprocessing = 0;
		};
/* End PBXFrameworksBuildPhase section */

/* Begin PBXGroup section */
		0810114B294B7472001AFA5E /* Managers */ = {
			isa = PBXGroup;
			children = (
				08F883BC294F45CF0064C7A7 /* CoreData */,
				0810114E294B74B9001AFA5E /* Alert */,
			);
			path = Managers;
			sourceTree = "<group>";
		};
		0810114C294B747E001AFA5E /* Extensions */ = {
			isa = PBXGroup;
			children = (
				08101155294B753C001AFA5E /* UIApplication+Extension.swift */,
			);
			path = Extensions;
			sourceTree = "<group>";
		};
		0810114D294B74A5001AFA5E /* Service */ = {
			isa = PBXGroup;
			children = (
				08101157294B7E8C001AFA5E /* GameClient.swift */,
			);
			path = Service;
			sourceTree = "<group>";
		};
		0810114E294B74B9001AFA5E /* Alert */ = {
			isa = PBXGroup;
			children = (
				08101151294B7507001AFA5E /* AlertError.swift */,
				08101153294B751D001AFA5E /* AlertManager.swift */,
			);
			path = Alert;
			sourceTree = "<group>";
		};
		0810115C294B92FA001AFA5E /* Constants */ = {
			isa = PBXGroup;
			children = (
				0810115D294B9318001AFA5E /* Constants.swift */,
			);
			path = Constants;
			sourceTree = "<group>";
		};
		0810115F294B9923001AFA5E /* Games */ = {
			isa = PBXGroup;
			children = (
				08101164294B99C5001AFA5E /* Model */,
				08101163294B99B6001AFA5E /* ViewModel */,
				08101162294B99AE001AFA5E /* View */,
			);
			path = Games;
			sourceTree = "<group>";
		};
		08101162294B99AE001AFA5E /* View */ = {
			isa = PBXGroup;
			children = (
				081FAD7C294DDD1400FF02A6 /* Components */,
				0843FC87294506FB00A4A57A /* GamesViewController.swift */,
			);
			path = View;
			sourceTree = "<group>";
		};
		08101163294B99B6001AFA5E /* ViewModel */ = {
			isa = PBXGroup;
			children = (
				081FAD74294DAACA00FF02A6 /* GamesViewModel.swift */,
			);
			path = ViewModel;
			sourceTree = "<group>";
		};
		08101164294B99C5001AFA5E /* Model */ = {
			isa = PBXGroup;
			children = (
				08101165294B99CF001AFA5E /* GameModel.swift */,
			);
			path = Model;
			sourceTree = "<group>";
		};
		08101167294B9A1E001AFA5E /* SubPages */ = {
			isa = PBXGroup;
			children = (
				08DE3207294FB12600A3663E /* AddNote */,
				08101168294B9A2A001AFA5E /* GameDetail */,
			);
			path = SubPages;
			sourceTree = "<group>";
		};
		08101168294B9A2A001AFA5E /* GameDetail */ = {
			isa = PBXGroup;
			children = (
				08F883B6294E2CBA0064C7A7 /* ViewController */,
				08F883B5294E2CB40064C7A7 /* View */,
				08F883B4294E2CAE0064C7A7 /* ViewModel */,
				081FAD79294DADCA00FF02A6 /* Model */,
			);
			path = GameDetail;
			sourceTree = "<group>";
		};
		081FAD79294DADCA00FF02A6 /* Model */ = {
			isa = PBXGroup;
			children = (
				081FAD7A294DADD300FF02A6 /* GameDetailModel.swift */,
			);
			path = Model;
			sourceTree = "<group>";
		};
		081FAD7C294DDD1400FF02A6 /* Components */ = {
			isa = PBXGroup;
			children = (
				08622D21294BD1050018CECE /* GameCollectionViewCell.swift */,
				08622D22294BD1050018CECE /* GameCollectionViewCell.xib */,
			);
			path = Components;
			sourceTree = "<group>";
		};
		0843FC77294506FB00A4A57A = {
			isa = PBXGroup;
			children = (
				0843FC82294506FB00A4A57A /* GameRatingApp */,
				0843FC9C294506FC00A4A57A /* GameRatingAppTests */,
				0843FCA6294506FC00A4A57A /* GameRatingAppUITests */,
				0843FC81294506FB00A4A57A /* Products */,
			);
			sourceTree = "<group>";
		};
		0843FC81294506FB00A4A57A /* Products */ = {
			isa = PBXGroup;
			children = (
				0843FC80294506FB00A4A57A /* GameRatingApp.app */,
				0843FC99294506FC00A4A57A /* GameRatingAppTests.xctest */,
				0843FCA3294506FC00A4A57A /* GameRatingAppUITests.xctest */,
			);
			name = Products;
			sourceTree = "<group>";
		};
		0843FC82294506FB00A4A57A /* GameRatingApp */ = {
			isa = PBXGroup;
			children = (
				0843FCB72945079F00A4A57A /* Core */,
				0843FCB8294507A900A4A57A /* Features */,
				0810114D294B74A5001AFA5E /* Service */,
				0843FC8C294506FB00A4A57A /* GameRatingApp.xcdatamodeld */,
				08B38FD5294D1E7000E81943 /* Info.plist */,
			);
			path = GameRatingApp;
			sourceTree = "<group>";
		};
		0843FC9C294506FC00A4A57A /* GameRatingAppTests */ = {
			isa = PBXGroup;
			children = (
				0843FC9D294506FC00A4A57A /* GameRatingAppTests.swift */,
			);
			path = GameRatingAppTests;
			sourceTree = "<group>";
		};
		0843FCA6294506FC00A4A57A /* GameRatingAppUITests */ = {
			isa = PBXGroup;
			children = (
				0843FCA7294506FC00A4A57A /* GameRatingAppUITests.swift */,
				0843FCA9294506FC00A4A57A /* GameRatingAppUITestsLaunchTests.swift */,
			);
			path = GameRatingAppUITests;
			sourceTree = "<group>";
		};
		0843FCB62945077900A4A57A /* App */ = {
			isa = PBXGroup;
			children = (
				0843FC83294506FB00A4A57A /* AppDelegate.swift */,
				0843FC85294506FB00A4A57A /* SceneDelegate.swift */,
				0843FC91294506FC00A4A57A /* LaunchScreen.storyboard */,
				0843FC89294506FB00A4A57A /* Main.storyboard */,
				0843FC8F294506FC00A4A57A /* Assets.xcassets */,
			);
			path = App;
			sourceTree = "<group>";
		};
		0843FCB72945079F00A4A57A /* Core */ = {
			isa = PBXGroup;
			children = (
				0810115C294B92FA001AFA5E /* Constants */,
				0843FCB62945077900A4A57A /* App */,
				0810114C294B747E001AFA5E /* Extensions */,
				0810114B294B7472001AFA5E /* Managers */,
			);
			path = Core;
			sourceTree = "<group>";
		};
		0843FCB8294507A900A4A57A /* Features */ = {
			isa = PBXGroup;
			children = (
				08F883C0294F46960064C7A7 /* Notes */,
				08F883BF294F46900064C7A7 /* Favorites */,
				08101167294B9A1E001AFA5E /* SubPages */,
				0810115F294B9923001AFA5E /* Games */,
			);
			path = Features;
			sourceTree = "<group>";
		};
		08DE31FE294F999E00A3663E /* Components */ = {
			isa = PBXGroup;
			children = (
				08DE3203294F99DB00A3663E /* NotesCollectionViewCell.swift */,
				08DE3204294F99DB00A3663E /* NotesCollectionViewCell.xib */,
			);
			path = Components;
			sourceTree = "<group>";
		};
		08DE3207294FB12600A3663E /* AddNote */ = {
			isa = PBXGroup;
			children = (
				08DE3209294FB16E00A3663E /* View */,
			);
			path = AddNote;
			sourceTree = "<group>";
		};
		08DE3209294FB16E00A3663E /* View */ = {
			isa = PBXGroup;
			children = (
				08DE320A294FB18900A3663E /* AddNoteViewController.swift */,
			);
			path = View;
			sourceTree = "<group>";
		};
		08F883B4294E2CAE0064C7A7 /* ViewModel */ = {
			isa = PBXGroup;
			children = (
				08F883B9294E30980064C7A7 /* GameDetailViewModel.swift */,
			);
			path = ViewModel;
			sourceTree = "<group>";
		};
		08F883B5294E2CB40064C7A7 /* View */ = {
			isa = PBXGroup;
			children = (
			);
			path = View;
			sourceTree = "<group>";
		};
		08F883B6294E2CBA0064C7A7 /* ViewController */ = {
			isa = PBXGroup;
			children = (
				08F883B7294E2CC90064C7A7 /* GameDetailViewController.swift */,
			);
			path = ViewController;
			sourceTree = "<group>";
		};
		08F883BC294F45CF0064C7A7 /* CoreData */ = {
			isa = PBXGroup;
			children = (
				08F883BD294F45E10064C7A7 /* CoreDataManager.swift */,
			);
			path = CoreData;
			sourceTree = "<group>";
		};
		08F883BF294F46900064C7A7 /* Favorites */ = {
			isa = PBXGroup;
			children = (
				08F883C3294F46C50064C7A7 /* ViewModel */,
				08F883C1294F469C0064C7A7 /* View */,
			);
			path = Favorites;
			sourceTree = "<group>";
		};
		08F883C0294F46960064C7A7 /* Notes */ = {
			isa = PBXGroup;
			children = (
				08F883D0294F81D40064C7A7 /* ViewModel */,
				08F883CF294F81D00064C7A7 /* View */,
			);
			path = Notes;
			sourceTree = "<group>";
		};
		08F883C1294F469C0064C7A7 /* View */ = {
			isa = PBXGroup;
			children = (
				08F883C5294F493F0064C7A7 /* Components */,
				08F883CA294F4C830064C7A7 /* FavoritesViewController.swift */,
			);
			path = View;
			sourceTree = "<group>";
		};
		08F883C3294F46C50064C7A7 /* ViewModel */ = {
			isa = PBXGroup;
			children = (
				08F883CD294F4C960064C7A7 /* FavoritesViewModel.swift */,
			);
			path = ViewModel;
			sourceTree = "<group>";
		};
		08F883C5294F493F0064C7A7 /* Components */ = {
			isa = PBXGroup;
			children = (
				08F883C6294F495D0064C7A7 /* GameDetailCollectionViewCell.swift */,
				08F883C7294F495D0064C7A7 /* GameDetailCollectionViewCell.xib */,
			);
			path = Components;
			sourceTree = "<group>";
		};
		08F883CF294F81D00064C7A7 /* View */ = {
			isa = PBXGroup;
			children = (
				08DE31FE294F999E00A3663E /* Components */,
				08F883D1294F86FD0064C7A7 /* NotesViewController.swift */,
			);
			path = View;
			sourceTree = "<group>";
		};
		08F883D0294F81D40064C7A7 /* ViewModel */ = {
			isa = PBXGroup;
			children = (
				08F883D3294F87090064C7A7 /* NotesViewModel.swift */,
			);
			path = ViewModel;
			sourceTree = "<group>";
		};
/* End PBXGroup section */

/* Begin PBXNativeTarget section */
		0843FC7F294506FB00A4A57A /* GameRatingApp */ = {
			isa = PBXNativeTarget;
			buildConfigurationList = 0843FCAD294506FC00A4A57A /* Build configuration list for PBXNativeTarget "GameRatingApp" */;
			buildPhases = (
				0843FC7C294506FB00A4A57A /* Sources */,
				0843FC7D294506FB00A4A57A /* Frameworks */,
				0843FC7E294506FB00A4A57A /* Resources */,
			);
			buildRules = (
			);
			dependencies = (
			);
			name = GameRatingApp;
			packageProductDependencies = (
				0810115A294B7F68001AFA5E /* Alamofire */,
				0810116A294B9C3F001AFA5E /* Kingfisher */,
			);
			productName = GameRatingApp;
			productReference = 0843FC80294506FB00A4A57A /* GameRatingApp.app */;
			productType = "com.apple.product-type.application";
		};
		0843FC98294506FC00A4A57A /* GameRatingAppTests */ = {
			isa = PBXNativeTarget;
			buildConfigurationList = 0843FCB0294506FC00A4A57A /* Build configuration list for PBXNativeTarget "GameRatingAppTests" */;
			buildPhases = (
				0843FC95294506FC00A4A57A /* Sources */,
				0843FC96294506FC00A4A57A /* Frameworks */,
				0843FC97294506FC00A4A57A /* Resources */,
			);
			buildRules = (
			);
			dependencies = (
				0843FC9B294506FC00A4A57A /* PBXTargetDependency */,
			);
			name = GameRatingAppTests;
			productName = GameRatingAppTests;
			productReference = 0843FC99294506FC00A4A57A /* GameRatingAppTests.xctest */;
			productType = "com.apple.product-type.bundle.unit-test";
		};
		0843FCA2294506FC00A4A57A /* GameRatingAppUITests */ = {
			isa = PBXNativeTarget;
			buildConfigurationList = 0843FCB3294506FC00A4A57A /* Build configuration list for PBXNativeTarget "GameRatingAppUITests" */;
			buildPhases = (
				0843FC9F294506FC00A4A57A /* Sources */,
				0843FCA0294506FC00A4A57A /* Frameworks */,
				0843FCA1294506FC00A4A57A /* Resources */,
			);
			buildRules = (
			);
			dependencies = (
				0843FCA5294506FC00A4A57A /* PBXTargetDependency */,
			);
			name = GameRatingAppUITests;
			productName = GameRatingAppUITests;
			productReference = 0843FCA3294506FC00A4A57A /* GameRatingAppUITests.xctest */;
			productType = "com.apple.product-type.bundle.ui-testing";
		};
/* End PBXNativeTarget section */

/* Begin PBXProject section */
		0843FC78294506FB00A4A57A /* Project object */ = {
			isa = PBXProject;
			attributes = {
				BuildIndependentTargetsInParallel = 1;
				LastSwiftUpdateCheck = 1410;
				LastUpgradeCheck = 1410;
				TargetAttributes = {
					0843FC7F294506FB00A4A57A = {
						CreatedOnToolsVersion = 14.1;
					};
					0843FC98294506FC00A4A57A = {
						CreatedOnToolsVersion = 14.1;
						TestTargetID = 0843FC7F294506FB00A4A57A;
					};
					0843FCA2294506FC00A4A57A = {
						CreatedOnToolsVersion = 14.1;
						TestTargetID = 0843FC7F294506FB00A4A57A;
					};
				};
			};
			buildConfigurationList = 0843FC7B294506FB00A4A57A /* Build configuration list for PBXProject "GameRatingApp" */;
			compatibilityVersion = "Xcode 14.0";
			developmentRegion = en;
			hasScannedForEncodings = 0;
			knownRegions = (
				en,
				Base,
			);
			mainGroup = 0843FC77294506FB00A4A57A;
			packageReferences = (
				08101159294B7F68001AFA5E /* XCRemoteSwiftPackageReference "Alamofire" */,
				08101169294B9C3F001AFA5E /* XCRemoteSwiftPackageReference "Kingfisher" */,
			);
			productRefGroup = 0843FC81294506FB00A4A57A /* Products */;
			projectDirPath = "";
			projectRoot = "";
			targets = (
				0843FC7F294506FB00A4A57A /* GameRatingApp */,
				0843FC98294506FC00A4A57A /* GameRatingAppTests */,
				0843FCA2294506FC00A4A57A /* GameRatingAppUITests */,
			);
		};
/* End PBXProject section */

/* Begin PBXResourcesBuildPhase section */
		0843FC7E294506FB00A4A57A /* Resources */ = {
			isa = PBXResourcesBuildPhase;
			buildActionMask = 2147483647;
			files = (
				08F883C9294F495D0064C7A7 /* GameDetailCollectionViewCell.xib in Resources */,
				08622D24294BD1050018CECE /* GameCollectionViewCell.xib in Resources */,
				08DE3206294F99DB00A3663E /* NotesCollectionViewCell.xib in Resources */,
				0843FC93294506FC00A4A57A /* LaunchScreen.storyboard in Resources */,
				0843FC90294506FC00A4A57A /* Assets.xcassets in Resources */,
				0843FC8B294506FB00A4A57A /* Main.storyboard in Resources */,
			);
			runOnlyForDeploymentPostprocessing = 0;
		};
		0843FC97294506FC00A4A57A /* Resources */ = {
			isa = PBXResourcesBuildPhase;
			buildActionMask = 2147483647;
			files = (
			);
			runOnlyForDeploymentPostprocessing = 0;
		};
		0843FCA1294506FC00A4A57A /* Resources */ = {
			isa = PBXResourcesBuildPhase;
			buildActionMask = 2147483647;
			files = (
			);
			runOnlyForDeploymentPostprocessing = 0;
		};
/* End PBXResourcesBuildPhase section */

/* Begin PBXSourcesBuildPhase section */
		0843FC7C294506FB00A4A57A /* Sources */ = {
			isa = PBXSourcesBuildPhase;
			buildActionMask = 2147483647;
			files = (
				08101152294B7507001AFA5E /* AlertError.swift in Sources */,
				08622D23294BD1050018CECE /* GameCollectionViewCell.swift in Sources */,
				0843FC88294506FB00A4A57A /* GamesViewController.swift in Sources */,
				08101154294B751D001AFA5E /* AlertManager.swift in Sources */,
				0843FC84294506FB00A4A57A /* AppDelegate.swift in Sources */,
				08101158294B7E8C001AFA5E /* GameClient.swift in Sources */,
				08101166294B99CF001AFA5E /* GameModel.swift in Sources */,
				08F883B8294E2CC90064C7A7 /* GameDetailViewController.swift in Sources */,
				08DE3205294F99DB00A3663E /* NotesCollectionViewCell.swift in Sources */,
				08F883D4294F87090064C7A7 /* NotesViewModel.swift in Sources */,
				0843FC8E294506FB00A4A57A /* GameRatingApp.xcdatamodeld in Sources */,
				08F883C8294F495D0064C7A7 /* GameDetailCollectionViewCell.swift in Sources */,
				08F883CB294F4C830064C7A7 /* FavoritesViewController.swift in Sources */,
				081FAD75294DAACA00FF02A6 /* GamesViewModel.swift in Sources */,
				08F883BA294E30980064C7A7 /* GameDetailViewModel.swift in Sources */,
				0843FC86294506FB00A4A57A /* SceneDelegate.swift in Sources */,
				08DE320B294FB18900A3663E /* AddNoteViewController.swift in Sources */,
				081FAD7B294DADD300FF02A6 /* GameDetailModel.swift in Sources */,
				08101156294B753C001AFA5E /* UIApplication+Extension.swift in Sources */,
				08F883D2294F86FD0064C7A7 /* NotesViewController.swift in Sources */,
				08F883BE294F45E10064C7A7 /* CoreDataManager.swift in Sources */,
				0810115E294B9318001AFA5E /* Constants.swift in Sources */,
				08F883CE294F4C960064C7A7 /* FavoritesViewModel.swift in Sources */,
			);
			runOnlyForDeploymentPostprocessing = 0;
		};
		0843FC95294506FC00A4A57A /* Sources */ = {
			isa = PBXSourcesBuildPhase;
			buildActionMask = 2147483647;
			files = (
				0843FC9E294506FC00A4A57A /* GameRatingAppTests.swift in Sources */,
			);
			runOnlyForDeploymentPostprocessing = 0;
		};
		0843FC9F294506FC00A4A57A /* Sources */ = {
			isa = PBXSourcesBuildPhase;
			buildActionMask = 2147483647;
			files = (
				0843FCA8294506FC00A4A57A /* GameRatingAppUITests.swift in Sources */,
				0843FCAA294506FC00A4A57A /* GameRatingAppUITestsLaunchTests.swift in Sources */,
			);
			runOnlyForDeploymentPostprocessing = 0;
		};
/* End PBXSourcesBuildPhase section */

/* Begin PBXTargetDependency section */
		0843FC9B294506FC00A4A57A /* PBXTargetDependency */ = {
			isa = PBXTargetDependency;
			target = 0843FC7F294506FB00A4A57A /* GameRatingApp */;
			targetProxy = 0843FC9A294506FC00A4A57A /* PBXContainerItemProxy */;
		};
		0843FCA5294506FC00A4A57A /* PBXTargetDependency */ = {
			isa = PBXTargetDependency;
			target = 0843FC7F294506FB00A4A57A /* GameRatingApp */;
			targetProxy = 0843FCA4294506FC00A4A57A /* PBXContainerItemProxy */;
		};
/* End PBXTargetDependency section */

/* Begin PBXVariantGroup section */
		0843FC89294506FB00A4A57A /* Main.storyboard */ = {
			isa = PBXVariantGroup;
			children = (
				0843FC8A294506FB00A4A57A /* Base */,
			);
			name = Main.storyboard;
			sourceTree = "<group>";
		};
		0843FC91294506FC00A4A57A /* LaunchScreen.storyboard */ = {
			isa = PBXVariantGroup;
			children = (
				0843FC92294506FC00A4A57A /* Base */,
			);
			name = LaunchScreen.storyboard;
			sourceTree = "<group>";
		};
/* End PBXVariantGroup section */

/* Begin XCBuildConfiguration section */
		0843FCAB294506FC00A4A57A /* Debug */ = {
			isa = XCBuildConfiguration;
			buildSettings = {
				ALWAYS_SEARCH_USER_PATHS = NO;
				CLANG_ANALYZER_NONNULL = YES;
				CLANG_ANALYZER_NUMBER_OBJECT_CONVERSION = YES_AGGRESSIVE;
				CLANG_CXX_LANGUAGE_STANDARD = "gnu++20";
				CLANG_ENABLE_MODULES = YES;
				CLANG_ENABLE_OBJC_ARC = YES;
				CLANG_ENABLE_OBJC_WEAK = YES;
				CLANG_WARN_BLOCK_CAPTURE_AUTORELEASING = YES;
				CLANG_WARN_BOOL_CONVERSION = YES;
				CLANG_WARN_COMMA = YES;
				CLANG_WARN_CONSTANT_CONVERSION = YES;
				CLANG_WARN_DEPRECATED_OBJC_IMPLEMENTATIONS = YES;
				CLANG_WARN_DIRECT_OBJC_ISA_USAGE = YES_ERROR;
				CLANG_WARN_DOCUMENTATION_COMMENTS = YES;
				CLANG_WARN_EMPTY_BODY = YES;
				CLANG_WARN_ENUM_CONVERSION = YES;
				CLANG_WARN_INFINITE_RECURSION = YES;
				CLANG_WARN_INT_CONVERSION = YES;
				CLANG_WARN_NON_LITERAL_NULL_CONVERSION = YES;
				CLANG_WARN_OBJC_IMPLICIT_RETAIN_SELF = YES;
				CLANG_WARN_OBJC_LITERAL_CONVERSION = YES;
				CLANG_WARN_OBJC_ROOT_CLASS = YES_ERROR;
				CLANG_WARN_QUOTED_INCLUDE_IN_FRAMEWORK_HEADER = YES;
				CLANG_WARN_RANGE_LOOP_ANALYSIS = YES;
				CLANG_WARN_STRICT_PROTOTYPES = YES;
				CLANG_WARN_SUSPICIOUS_MOVE = YES;
				CLANG_WARN_UNGUARDED_AVAILABILITY = YES_AGGRESSIVE;
				CLANG_WARN_UNREACHABLE_CODE = YES;
				CLANG_WARN__DUPLICATE_METHOD_MATCH = YES;
				COPY_PHASE_STRIP = NO;
				DEBUG_INFORMATION_FORMAT = dwarf;
				ENABLE_STRICT_OBJC_MSGSEND = YES;
				ENABLE_TESTABILITY = YES;
				GCC_C_LANGUAGE_STANDARD = gnu11;
				GCC_DYNAMIC_NO_PIC = NO;
				GCC_NO_COMMON_BLOCKS = YES;
				GCC_OPTIMIZATION_LEVEL = 0;
				GCC_PREPROCESSOR_DEFINITIONS = (
					"DEBUG=1",
					"$(inherited)",
				);
				GCC_WARN_64_TO_32_BIT_CONVERSION = YES;
				GCC_WARN_ABOUT_RETURN_TYPE = YES_ERROR;
				GCC_WARN_UNDECLARED_SELECTOR = YES;
				GCC_WARN_UNINITIALIZED_AUTOS = YES_AGGRESSIVE;
				GCC_WARN_UNUSED_FUNCTION = YES;
				GCC_WARN_UNUSED_VARIABLE = YES;
				IPHONEOS_DEPLOYMENT_TARGET = 16.1;
				MTL_ENABLE_DEBUG_INFO = INCLUDE_SOURCE;
				MTL_FAST_MATH = YES;
				ONLY_ACTIVE_ARCH = YES;
				SDKROOT = iphoneos;
				SWIFT_ACTIVE_COMPILATION_CONDITIONS = DEBUG;
				SWIFT_OPTIMIZATION_LEVEL = "-Onone";
			};
			name = Debug;
		};
		0843FCAC294506FC00A4A57A /* Release */ = {
			isa = XCBuildConfiguration;
			buildSettings = {
				ALWAYS_SEARCH_USER_PATHS = NO;
				CLANG_ANALYZER_NONNULL = YES;
				CLANG_ANALYZER_NUMBER_OBJECT_CONVERSION = YES_AGGRESSIVE;
				CLANG_CXX_LANGUAGE_STANDARD = "gnu++20";
				CLANG_ENABLE_MODULES = YES;
				CLANG_ENABLE_OBJC_ARC = YES;
				CLANG_ENABLE_OBJC_WEAK = YES;
				CLANG_WARN_BLOCK_CAPTURE_AUTORELEASING = YES;
				CLANG_WARN_BOOL_CONVERSION = YES;
				CLANG_WARN_COMMA = YES;
				CLANG_WARN_CONSTANT_CONVERSION = YES;
				CLANG_WARN_DEPRECATED_OBJC_IMPLEMENTATIONS = YES;
				CLANG_WARN_DIRECT_OBJC_ISA_USAGE = YES_ERROR;
				CLANG_WARN_DOCUMENTATION_COMMENTS = YES;
				CLANG_WARN_EMPTY_BODY = YES;
				CLANG_WARN_ENUM_CONVERSION = YES;
				CLANG_WARN_INFINITE_RECURSION = YES;
				CLANG_WARN_INT_CONVERSION = YES;
				CLANG_WARN_NON_LITERAL_NULL_CONVERSION = YES;
				CLANG_WARN_OBJC_IMPLICIT_RETAIN_SELF = YES;
				CLANG_WARN_OBJC_LITERAL_CONVERSION = YES;
				CLANG_WARN_OBJC_ROOT_CLASS = YES_ERROR;
				CLANG_WARN_QUOTED_INCLUDE_IN_FRAMEWORK_HEADER = YES;
				CLANG_WARN_RANGE_LOOP_ANALYSIS = YES;
				CLANG_WARN_STRICT_PROTOTYPES = YES;
				CLANG_WARN_SUSPICIOUS_MOVE = YES;
				CLANG_WARN_UNGUARDED_AVAILABILITY = YES_AGGRESSIVE;
				CLANG_WARN_UNREACHABLE_CODE = YES;
				CLANG_WARN__DUPLICATE_METHOD_MATCH = YES;
				COPY_PHASE_STRIP = NO;
				DEBUG_INFORMATION_FORMAT = "dwarf-with-dsym";
				ENABLE_NS_ASSERTIONS = NO;
				ENABLE_STRICT_OBJC_MSGSEND = YES;
				GCC_C_LANGUAGE_STANDARD = gnu11;
				GCC_NO_COMMON_BLOCKS = YES;
				GCC_WARN_64_TO_32_BIT_CONVERSION = YES;
				GCC_WARN_ABOUT_RETURN_TYPE = YES_ERROR;
				GCC_WARN_UNDECLARED_SELECTOR = YES;
				GCC_WARN_UNINITIALIZED_AUTOS = YES_AGGRESSIVE;
				GCC_WARN_UNUSED_FUNCTION = YES;
				GCC_WARN_UNUSED_VARIABLE = YES;
				IPHONEOS_DEPLOYMENT_TARGET = 16.1;
				MTL_ENABLE_DEBUG_INFO = NO;
				MTL_FAST_MATH = YES;
				SDKROOT = iphoneos;
				SWIFT_COMPILATION_MODE = wholemodule;
				SWIFT_OPTIMIZATION_LEVEL = "-O";
				VALIDATE_PRODUCT = YES;
			};
			name = Release;
		};
		0843FCAE294506FC00A4A57A /* Debug */ = {
			isa = XCBuildConfiguration;
			buildSettings = {
				ASSETCATALOG_COMPILER_APPICON_NAME = AppIcon;
				ASSETCATALOG_COMPILER_GLOBAL_ACCENT_COLOR_NAME = AccentColor;
				CODE_SIGN_STYLE = Automatic;
				CURRENT_PROJECT_VERSION = 1;
				DEVELOPMENT_TEAM = CFVDGKJNN6;
				GENERATE_INFOPLIST_FILE = YES;
				INFOPLIST_FILE = GameRatingApp/Info.plist;
				INFOPLIST_KEY_UIApplicationSupportsIndirectInputEvents = YES;
				INFOPLIST_KEY_UILaunchStoryboardName = LaunchScreen.storyboard;
				INFOPLIST_KEY_UIMainStoryboardFile = Main;
				INFOPLIST_KEY_UISupportedInterfaceOrientations = UIInterfaceOrientationPortrait;
				INFOPLIST_KEY_UISupportedInterfaceOrientations_iPad = "UIInterfaceOrientationLandscapeLeft UIInterfaceOrientationLandscapeRight UIInterfaceOrientationPortrait UIInterfaceOrientationPortraitUpsideDown";
				LD_RUNPATH_SEARCH_PATHS = (
					"$(inherited)",
					"@executable_path/Frameworks",
				);
				MARKETING_VERSION = 1.0;
				PRODUCT_BUNDLE_IDENTIFIER = com.mustafacicek.GameRatingApp;
				PRODUCT_NAME = "$(TARGET_NAME)";
				SUPPORTED_PLATFORMS = "iphoneos iphonesimulator";
				SUPPORTS_MACCATALYST = NO;
				SUPPORTS_MAC_DESIGNED_FOR_IPHONE_IPAD = NO;
				SWIFT_EMIT_LOC_STRINGS = YES;
				SWIFT_VERSION = 5.0;
				TARGETED_DEVICE_FAMILY = 1;
			};
			name = Debug;
		};
		0843FCAF294506FC00A4A57A /* Release */ = {
			isa = XCBuildConfiguration;
			buildSettings = {
				ASSETCATALOG_COMPILER_APPICON_NAME = AppIcon;
				ASSETCATALOG_COMPILER_GLOBAL_ACCENT_COLOR_NAME = AccentColor;
				CODE_SIGN_STYLE = Automatic;
				CURRENT_PROJECT_VERSION = 1;
				DEVELOPMENT_TEAM = CFVDGKJNN6;
				GENERATE_INFOPLIST_FILE = YES;
				INFOPLIST_FILE = GameRatingApp/Info.plist;
				INFOPLIST_KEY_UIApplicationSupportsIndirectInputEvents = YES;
				INFOPLIST_KEY_UILaunchStoryboardName = LaunchScreen.storyboard;
				INFOPLIST_KEY_UIMainStoryboardFile = Main;
				INFOPLIST_KEY_UISupportedInterfaceOrientations = UIInterfaceOrientationPortrait;
				INFOPLIST_KEY_UISupportedInterfaceOrientations_iPad = "UIInterfaceOrientationLandscapeLeft UIInterfaceOrientationLandscapeRight UIInterfaceOrientationPortrait UIInterfaceOrientationPortraitUpsideDown";
				LD_RUNPATH_SEARCH_PATHS = (
					"$(inherited)",
					"@executable_path/Frameworks",
				);
				MARKETING_VERSION = 1.0;
				PRODUCT_BUNDLE_IDENTIFIER = com.mustafacicek.GameRatingApp;
				PRODUCT_NAME = "$(TARGET_NAME)";
				SUPPORTED_PLATFORMS = "iphoneos iphonesimulator";
				SUPPORTS_MACCATALYST = NO;
				SUPPORTS_MAC_DESIGNED_FOR_IPHONE_IPAD = NO;
				SWIFT_EMIT_LOC_STRINGS = YES;
				SWIFT_VERSION = 5.0;
				TARGETED_DEVICE_FAMILY = 1;
			};
			name = Release;
		};
		0843FCB1294506FC00A4A57A /* Debug */ = {
			isa = XCBuildConfiguration;
			buildSettings = {
				ALWAYS_EMBED_SWIFT_STANDARD_LIBRARIES = YES;
				BUNDLE_LOADER = "$(TEST_HOST)";
				CODE_SIGN_STYLE = Automatic;
				CURRENT_PROJECT_VERSION = 1;
				DEVELOPMENT_TEAM = CFVDGKJNN6;
				GENERATE_INFOPLIST_FILE = YES;
				IPHONEOS_DEPLOYMENT_TARGET = 16.1;
				MARKETING_VERSION = 1.0;
				PRODUCT_BUNDLE_IDENTIFIER = com.mustafacicek.GameRatingAppTests;
				PRODUCT_NAME = "$(TARGET_NAME)";
				SWIFT_EMIT_LOC_STRINGS = NO;
				SWIFT_VERSION = 5.0;
				TARGETED_DEVICE_FAMILY = "1,2";
				TEST_HOST = "$(BUILT_PRODUCTS_DIR)/GameRatingApp.app/$(BUNDLE_EXECUTABLE_FOLDER_PATH)/GameRatingApp";
			};
			name = Debug;
		};
		0843FCB2294506FC00A4A57A /* Release */ = {
			isa = XCBuildConfiguration;
			buildSettings = {
				ALWAYS_EMBED_SWIFT_STANDARD_LIBRARIES = YES;
				BUNDLE_LOADER = "$(TEST_HOST)";
				CODE_SIGN_STYLE = Automatic;
				CURRENT_PROJECT_VERSION = 1;
				DEVELOPMENT_TEAM = CFVDGKJNN6;
				GENERATE_INFOPLIST_FILE = YES;
				IPHONEOS_DEPLOYMENT_TARGET = 16.1;
				MARKETING_VERSION = 1.0;
				PRODUCT_BUNDLE_IDENTIFIER = com.mustafacicek.GameRatingAppTests;
				PRODUCT_NAME = "$(TARGET_NAME)";
				SWIFT_EMIT_LOC_STRINGS = NO;
				SWIFT_VERSION = 5.0;
				TARGETED_DEVICE_FAMILY = "1,2";
				TEST_HOST = "$(BUILT_PRODUCTS_DIR)/GameRatingApp.app/$(BUNDLE_EXECUTABLE_FOLDER_PATH)/GameRatingApp";
			};
			name = Release;
		};
		0843FCB4294506FC00A4A57A /* Debug */ = {
			isa = XCBuildConfiguration;
			buildSettings = {
				ALWAYS_EMBED_SWIFT_STANDARD_LIBRARIES = YES;
				CODE_SIGN_STYLE = Automatic;
				CURRENT_PROJECT_VERSION = 1;
				DEVELOPMENT_TEAM = CFVDGKJNN6;
				GENERATE_INFOPLIST_FILE = YES;
				MARKETING_VERSION = 1.0;
				PRODUCT_BUNDLE_IDENTIFIER = com.mustafacicek.GameRatingAppUITests;
				PRODUCT_NAME = "$(TARGET_NAME)";
				SWIFT_EMIT_LOC_STRINGS = NO;
				SWIFT_VERSION = 5.0;
				TARGETED_DEVICE_FAMILY = "1,2";
				TEST_TARGET_NAME = GameRatingApp;
			};
			name = Debug;
		};
		0843FCB5294506FC00A4A57A /* Release */ = {
			isa = XCBuildConfiguration;
			buildSettings = {
				ALWAYS_EMBED_SWIFT_STANDARD_LIBRARIES = YES;
				CODE_SIGN_STYLE = Automatic;
				CURRENT_PROJECT_VERSION = 1;
				DEVELOPMENT_TEAM = CFVDGKJNN6;
				GENERATE_INFOPLIST_FILE = YES;
				MARKETING_VERSION = 1.0;
				PRODUCT_BUNDLE_IDENTIFIER = com.mustafacicek.GameRatingAppUITests;
				PRODUCT_NAME = "$(TARGET_NAME)";
				SWIFT_EMIT_LOC_STRINGS = NO;
				SWIFT_VERSION = 5.0;
				TARGETED_DEVICE_FAMILY = "1,2";
				TEST_TARGET_NAME = GameRatingApp;
			};
			name = Release;
		};
/* End XCBuildConfiguration section */

/* Begin XCConfigurationList section */
		0843FC7B294506FB00A4A57A /* Build configuration list for PBXProject "GameRatingApp" */ = {
			isa = XCConfigurationList;
			buildConfigurations = (
				0843FCAB294506FC00A4A57A /* Debug */,
				0843FCAC294506FC00A4A57A /* Release */,
			);
			defaultConfigurationIsVisible = 0;
			defaultConfigurationName = Release;
		};
		0843FCAD294506FC00A4A57A /* Build configuration list for PBXNativeTarget "GameRatingApp" */ = {
			isa = XCConfigurationList;
			buildConfigurations = (
				0843FCAE294506FC00A4A57A /* Debug */,
				0843FCAF294506FC00A4A57A /* Release */,
			);
			defaultConfigurationIsVisible = 0;
			defaultConfigurationName = Release;
		};
		0843FCB0294506FC00A4A57A /* Build configuration list for PBXNativeTarget "GameRatingAppTests" */ = {
			isa = XCConfigurationList;
			buildConfigurations = (
				0843FCB1294506FC00A4A57A /* Debug */,
				0843FCB2294506FC00A4A57A /* Release */,
			);
			defaultConfigurationIsVisible = 0;
			defaultConfigurationName = Release;
		};
		0843FCB3294506FC00A4A57A /* Build configuration list for PBXNativeTarget "GameRatingAppUITests" */ = {
			isa = XCConfigurationList;
			buildConfigurations = (
				0843FCB4294506FC00A4A57A /* Debug */,
				0843FCB5294506FC00A4A57A /* Release */,
			);
			defaultConfigurationIsVisible = 0;
			defaultConfigurationName = Release;
		};
/* End XCConfigurationList section */

/* Begin XCRemoteSwiftPackageReference section */
		08101159294B7F68001AFA5E /* XCRemoteSwiftPackageReference "Alamofire" */ = {
			isa = XCRemoteSwiftPackageReference;
			repositoryURL = "https://github.com/Alamofire/Alamofire";
			requirement = {
				kind = upToNextMajorVersion;
				minimumVersion = 5.0.0;
			};
		};
		08101169294B9C3F001AFA5E /* XCRemoteSwiftPackageReference "Kingfisher" */ = {
			isa = XCRemoteSwiftPackageReference;
			repositoryURL = "https://github.com/onevcat/Kingfisher.git";
			requirement = {
				branch = master;
				kind = branch;
			};
		};
/* End XCRemoteSwiftPackageReference section */

/* Begin XCSwiftPackageProductDependency section */
		0810115A294B7F68001AFA5E /* Alamofire */ = {
			isa = XCSwiftPackageProductDependency;
			package = 08101159294B7F68001AFA5E /* XCRemoteSwiftPackageReference "Alamofire" */;
			productName = Alamofire;
		};
		0810116A294B9C3F001AFA5E /* Kingfisher */ = {
			isa = XCSwiftPackageProductDependency;
			package = 08101169294B9C3F001AFA5E /* XCRemoteSwiftPackageReference "Kingfisher" */;
			productName = Kingfisher;
		};
/* End XCSwiftPackageProductDependency section */

/* Begin XCVersionGroup section */
		0843FC8C294506FB00A4A57A /* GameRatingApp.xcdatamodeld */ = {
			isa = XCVersionGroup;
			children = (
				0843FC8D294506FB00A4A57A /* GameRatingApp.xcdatamodel */,
			);
			currentVersion = 0843FC8D294506FB00A4A57A /* GameRatingApp.xcdatamodel */;
			path = GameRatingApp.xcdatamodeld;
			sourceTree = "<group>";
			versionGroupType = wrapper.xcdatamodel;
		};
/* End XCVersionGroup section */
	};
	rootObject = 0843FC78294506FB00A4A57A /* Project object */;
}
